
Microsoft Visual Studio Solution File, Format Version 12.00
# Visual Studio Version 17
VisualStudioVersion = 17.6.33801.468
MinimumVisualStudioVersion = 10.0.40219.1
Project("{8BC9CEB8-8B4A-11D0-8D11-00A0C91BC942}") = "ed25519_cuda", "ed25519_cuda.vcxproj", "{866CD828-BADF-47DB-98EA-EE949A176A2C}"
EndProject
Global
	GlobalSection(SolutionConfigurationPlatforms) = preSolution
		Debug|x64 = Debug|x64
		Release|x64 = Release|x64
	EndGlobalSection
	GlobalSection(ProjectConfigurationPlatforms) = postSolution
		{866CD828-BADF-47DB-98EA-EE949A176A2C}.Debug|x64.ActiveCfg = Debug|x64
		{866CD828-BADF-47DB-98EA-EE949A176A2C}.Debug|x64.Build.0 = Debug|x64
		{866CD828-BADF-47DB-98EA-EE949A176A2C}.Release|x64.ActiveCfg = Release|x64
		{866CD828-BADF-47DB-98EA-EE949A176A2C}.Release|x64.Build.0 = Release|x64
	EndGlobalSection
	GlobalSection(SolutionProperties) = preSolution
		HideSolutionNode = FALSE
	EndGlobalSection
	GlobalSection(ExtensibilityGlobals) = postSolution
		SolutionGuid = {1FF14693-600B-4C8A-8612-FB745C795950}
	EndGlobalSection
EndGlobal
